%{"earmark": {:hex, :earmark, "1.1.1", "433136b7f2e99cde88b745b3a0cfc3fbc81fe58b918a09b40fce7f00db4d8187", [:mix], [], "hexpm"},
  "ex_doc": {:hex, :ex_doc, "0.14.5", "c0433c8117e948404d93ca69411dd575ec6be39b47802e81ca8d91017a0cf83c", [:mix], [{:earmark, "~> 1.0", [hex: :earmark, repo: "hexpm", optional: false]}], "hexpm"},
  "exprotobuf": {:hex, :exprotobuf, "1.2.7", "287e2a1239fa9924c71815b1961e6e97d55c13496e9feb4ad755706af105ec36", [:mix], [{:gpb, "~> 3.24", [hex: :gpb, repo: "hexpm", optional: false]}], "hexpm"},
  "gen_stage": {:hex, :gen_stage, "0.10.0", "ce1eb93a3f9708f2e215f70b3d3c7f55dea4a4ed7e9615195e28d543c9086656", [:mix], []},
  "gpb": {:hex, :gpb, "3.27.2", "6053d63f10a0e6f2258143b8754172a2ed053e7e7eddbe880aa15d1ad4f5ba33", [:make, :rebar], [], "hexpm"},
  "honeydew": {:hex, :honeydew, "1.0.0-rc7", "4299cefcfcf7f84d15a2ceaabd6bccd6bbcdf2ad02db4c66953bade0f1cbc4d7", [:mix], [], "hexpm"}}
